
Microsoft Visual Studio Solution File, Format Version 12.00
# Visual Studio Version 16
VisualStudioVersion = 16.0.31205.134
MinimumVisualStudioVersion = 10.0.40219.1
Project("{FAE04EC0-301F-11D3-BF4B-00C04F79EFBC}") = "Domen", "Domen\Domen.csproj", "{BE975803-3523-4468-89A2-AEEF0EB95738}"
EndProject
Project("{FAE04EC0-301F-11D3-BF4B-00C04F79EFBC}") = "Data", "Data\Data.csproj", "{369D914C-1DE7-483E-9109-18A3B871515D}"
EndProject
Project("{FAE04EC0-301F-11D3-BF4B-00C04F79EFBC}") = "BiznisLogika", "BiznisLogika\BiznisLogika.csproj", "{BB6D8A14-F947-4667-B2E5-719AB70BA8F9}"
EndProject
Project("{FAE04EC0-301F-11D3-BF4B-00C04F79EFBC}") = "LetWebApp", "LetWebApp\LetWebApp.csproj", "{EB66C8F8-841D-4A10-9D3A-5112EDDEFB31}"
EndProject
Global
	GlobalSection(SolutionConfigurationPlatforms) = preSolution
		Debug|Any CPU = Debug|Any CPU
		Release|Any CPU = Release|Any CPU
	EndGlobalSection
	GlobalSection(ProjectConfigurationPlatforms) = postSolution
		{BE975803-3523-4468-89A2-AEEF0EB95738}.Debug|Any CPU.ActiveCfg = Debug|Any CPU
		{BE975803-3523-4468-89A2-AEEF0EB95738}.Debug|Any CPU.Build.0 = Debug|Any CPU
		{BE975803-3523-4468-89A2-AEEF0EB95738}.Release|Any CPU.ActiveCfg = Release|Any CPU
		{BE975803-3523-4468-89A2-AEEF0EB95738}.Release|Any CPU.Build.0 = Release|Any CPU
		{369D914C-1DE7-483E-9109-18A3B871515D}.Debug|Any CPU.ActiveCfg = Debug|Any CPU
		{369D914C-1DE7-483E-9109-18A3B871515D}.Debug|Any CPU.Build.0 = Debug|Any CPU
		{369D914C-1DE7-483E-9109-18A3B871515D}.Release|Any CPU.ActiveCfg = Release|Any CPU
		{369D914C-1DE7-483E-9109-18A3B871515D}.Release|Any CPU.Build.0 = Release|Any CPU
		{BB6D8A14-F947-4667-B2E5-719AB70BA8F9}.Debug|Any CPU.ActiveCfg = Debug|Any CPU
		{BB6D8A14-F947-4667-B2E5-719AB70BA8F9}.Debug|Any CPU.Build.0 = Debug|Any CPU
		{BB6D8A14-F947-4667-B2E5-719AB70BA8F9}.Release|Any CPU.ActiveCfg = Release|Any CPU
		{BB6D8A14-F947-4667-B2E5-719AB70BA8F9}.Release|Any CPU.Build.0 = Release|Any CPU
		{EB66C8F8-841D-4A10-9D3A-5112EDDEFB31}.Debug|Any CPU.ActiveCfg = Debug|Any CPU
		{EB66C8F8-841D-4A10-9D3A-5112EDDEFB31}.Debug|Any CPU.Build.0 = Debug|Any CPU
		{EB66C8F8-841D-4A10-9D3A-5112EDDEFB31}.Release|Any CPU.ActiveCfg = Release|Any CPU
		{EB66C8F8-841D-4A10-9D3A-5112EDDEFB31}.Release|Any CPU.Build.0 = Release|Any CPU
	EndGlobalSection
	GlobalSection(SolutionProperties) = preSolution
		HideSolutionNode = FALSE
	EndGlobalSection
	GlobalSection(ExtensibilityGlobals) = postSolution
		SolutionGuid = {BCA840CC-09B6-4FD9-A5BE-4B3AA25B8FED}
	EndGlobalSection
EndGlobal
